// !$*UTF8*$!
{
	archiveVersion = 1;
	classes = {
	};
	objectVersion = 46;
	objects = {

/* Begin PBXBuildFile section */
		12BB7FA81BEE9FBE00674C5B /* AppDelegate.swift in Sources */ = {isa = PBXBuildFile; fileRef = 12BB7FA71BEE9FBE00674C5B /* AppDelegate.swift */; };
		12BB7FAA1BEE9FBE00674C5B /* ViewController.swift in Sources */ = {isa = PBXBuildFile; fileRef = 12BB7FA91BEE9FBE00674C5B /* ViewController.swift */; };
		12BB7FAD1BEE9FBE00674C5B /* Main.storyboard in Resources */ = {isa = PBXBuildFile; fileRef = 12BB7FAB1BEE9FBE00674C5B /* Main.storyboard */; };
		12BB7FAF1BEE9FBE00674C5B /* Assets.xcassets in Resources */ = {isa = PBXBuildFile; fileRef = 12BB7FAE1BEE9FBE00674C5B /* Assets.xcassets */; };
		12BB7FB21BEE9FBE00674C5B /* LaunchScreen.storyboard in Resources */ = {isa = PBXBuildFile; fileRef = 12BB7FB01BEE9FBE00674C5B /* LaunchScreen.storyboard */; };
		12BB7FBD1BEE9FBF00674C5B /* EstrTests.swift in Sources */ = {isa = PBXBuildFile; fileRef = 12BB7FBC1BEE9FBF00674C5B /* EstrTests.swift */; };
		12BB7FC81BEE9FBF00674C5B /* EstrUITests.swift in Sources */ = {isa = PBXBuildFile; fileRef = 12BB7FC71BEE9FBF00674C5B /* EstrUITests.swift */; };
/* End PBXBuildFile section */

/* Begin PBXContainerItemProxy section */
		12BB7FB91BEE9FBF00674C5B /* PBXContainerItemProxy */ = {
			isa = PBXContainerItemProxy;
			containerPortal = 12BB7F9C1BEE9FBE00674C5B /* Project object */;
			proxyType = 1;
			remoteGlobalIDString = 12BB7FA31BEE9FBE00674C5B;
			remoteInfo = Estr;
		};
		12BB7FC41BEE9FBF00674C5B /* PBXContainerItemProxy */ = {
			isa = PBXContainerItemProxy;
			containerPortal = 12BB7F9C1BEE9FBE00674C5B /* Project object */;
			proxyType = 1;
			remoteGlobalIDString = 12BB7FA31BEE9FBE00674C5B;
			remoteInfo = Estr;
		};
/* End PBXContainerItemProxy section */

/* Begin PBXFileReference section */
		12BB7FA41BEE9FBE00674C5B /* Estr.app */ = {isa = PBXFileReference; explicitFileType = wrapper.application; includeInIndex = 0; path = Estr.app; sourceTree = BUILT_PRODUCTS_DIR; };
		12BB7FA71BEE9FBE00674C5B /* AppDelegate.swift */ = {isa = PBXFileReference; lastKnownFileType = sourcecode.swift; path = AppDelegate.swift; sourceTree = "<group>"; };
		12BB7FA91BEE9FBE00674C5B /* ViewController.swift */ = {isa = PBXFileReference; lastKnownFileType = sourcecode.swift; path = ViewController.swift; sourceTree = "<group>"; };
		12BB7FAC1BEE9FBE00674C5B /* Base */ = {isa = PBXFileReference; lastKnownFileType = file.storyboard; name = Base; path = Base.lproj/Main.storyboard; sourceTree = "<group>"; };
		12BB7FAE1BEE9FBE00674C5B /* Assets.xcassets */ = {isa = PBXFileReference; lastKnownFileType = folder.assetcatalog; path = Assets.xcassets; sourceTree = "<group>"; };
		12BB7FB11BEE9FBE00674C5B /* Base */ = {isa = PBXFileReference; lastKnownFileType = file.storyboard; name = Base; path = Base.lproj/LaunchScreen.storyboard; sourceTree = "<group>"; };
		12BB7FB31BEE9FBE00674C5B /* Info.plist */ = {isa = PBXFileReference; lastKnownFileType = text.plist.xml; path = Info.plist; sourceTree = "<group>"; };
		12BB7FB81BEE9FBF00674C5B /* EstrTests.xctest */ = {isa = PBXFileReference; explicitFileType = wrapper.cfbundle; includeInIndex = 0; path = EstrTests.xctest; sourceTree = BUILT_PRODUCTS_DIR; };
		12BB7FBC1BEE9FBF00674C5B /* EstrTests.swift */ = {isa = PBXFileReference; lastKnownFileType = sourcecode.swift; path = EstrTests.swift; sourceTree = "<group>"; };
		12BB7FBE1BEE9FBF00674C5B /* Info.plist */ = {isa = PBXFileReference; lastKnownFileType = text.plist.xml; path = Info.plist; sourceTree = "<group>"; };
		12BB7FC31BEE9FBF00674C5B /* EstrUITests.xctest */ = {isa = PBXFileReference; explicitFileType = wrapper.cfbundle; includeInIndex = 0; path = EstrUITests.xctest; sourceTree = BUILT_PRODUCTS_DIR; };
		12BB7FC71BEE9FBF00674C5B /* EstrUITests.swift */ = {isa = PBXFileReference; lastKnownFileType = sourcecode.swift; path = EstrUITests.swift; sourceTree = "<group>"; };
		12BB7FC91BEE9FBF00674C5B /* Info.plist */ = {isa = PBXFileReference; lastKnownFileType = text.plist.xml; path = Info.plist; sourceTree = "<group>"; };
/* End PBXFileReference section */

/* Begin PBXFrameworksBuildPhase section */
		12BB7FA11BEE9FBE00674C5B /* Frameworks */ = {
			isa = PBXFrameworksBuildPhase;
			buildActionMask = 2147483647;
			files = (
			);
			runOnlyForDeploymentPostprocessing = 0;
		};
		12BB7FB51BEE9FBF00674C5B /* Frameworks */ = {
			isa = PBXFrameworksBuildPhase;
			buildActionMask = 2147483647;
			files = (
			);
			runOnlyForDeploymentPostprocessing = 0;
		};
		12BB7FC01BEE9FBF00674C5B /* Frameworks */ = {
			isa = PBXFrameworksBuildPhase;
			buildActionMask = 2147483647;
			files = (
			);
			runOnlyForDeploymentPostprocessing = 0;
		};
/* End PBXFrameworksBuildPhase section */

/* Begin PBXGroup section */
		12BB7F9B1BEE9FBE00674C5B = {
			isa = PBXGroup;
			children = (
				12BB7FA61BEE9FBE00674C5B /* Estr */,
				12BB7FBB1BEE9FBF00674C5B /* EstrTests */,
				12BB7FC61BEE9FBF00674C5B /* EstrUITests */,
				12BB7FA51BEE9FBE00674C5B /* Products */,
			);
			sourceTree = "<group>";
		};
		12BB7FA51BEE9FBE00674C5B /* Products */ = {
			isa = PBXGroup;
			children = (
				12BB7FA41BEE9FBE00674C5B /* Estr.app */,
				12BB7FB81BEE9FBF00674C5B /* EstrTests.xctest */,
				12BB7FC31BEE9FBF00674C5B /* EstrUITests.xctest */,
			);
			name = Products;
			sourceTree = "<group>";
		};
		12BB7FA61BEE9FBE00674C5B /* Estr */ = {
			isa = PBXGroup;
			children = (
				12BB7FA71BEE9FBE00674C5B /* AppDelegate.swift */,
				12BB7FA91BEE9FBE00674C5B /* ViewController.swift */,
				12BB7FAB1BEE9FBE00674C5B /* Main.storyboard */,
				12BB7FAE1BEE9FBE00674C5B /* Assets.xcassets */,
				12BB7FB01BEE9FBE00674C5B /* LaunchScreen.storyboard */,
				12BB7FB31BEE9FBE00674C5B /* Info.plist */,
			);
			path = Estr;
			sourceTree = "<group>";
		};
		12BB7FBB1BEE9FBF00674C5B /* EstrTests */ = {
			isa = PBXGroup;
			children = (
				12BB7FBC1BEE9FBF00674C5B /* EstrTests.swift */,
				12BB7FBE1BEE9FBF00674C5B /* Info.plist */,
			);
			path = EstrTests;
			sourceTree = "<group>";
		};
		12BB7FC61BEE9FBF00674C5B /* EstrUITests */ = {
			isa = PBXGroup;
			children = (
				12BB7FC71BEE9FBF00674C5B /* EstrUITests.swift */,
				12BB7FC91BEE9FBF00674C5B /* Info.plist */,
			);
			path = EstrUITests;
			sourceTree = "<group>";
		};
/* End PBXGroup section */

/* Begin PBXNativeTarget section */
		12BB7FA31BEE9FBE00674C5B /* Estr */ = {
			isa = PBXNativeTarget;
			buildConfigurationList = 12BB7FCC1BEE9FBF00674C5B /* Build configuration list for PBXNativeTarget "Estr" */;
			buildPhases = (
				12BB7FA01BEE9FBE00674C5B /* Sources */,
				12BB7FA11BEE9FBE00674C5B /* Frameworks */,
				12BB7FA21BEE9FBE00674C5B /* Resources */,
			);
			buildRules = (
			);
			dependencies = (
			);
			name = Estr;
			productName = Estr;
			productReference = 12BB7FA41BEE9FBE00674C5B /* Estr.app */;
			productType = "com.apple.product-type.application";
		};
		12BB7FB71BEE9FBF00674C5B /* EstrTests */ = {
			isa = PBXNativeTarget;
			buildConfigurationList = 12BB7FCF1BEE9FBF00674C5B /* Build configuration list for PBXNativeTarget "EstrTests" */;
			buildPhases = (
				12BB7FB41BEE9FBF00674C5B /* Sources */,
				12BB7FB51BEE9FBF00674C5B /* Frameworks */,
				12BB7FB61BEE9FBF00674C5B /* Resources */,
			);
			buildRules = (
			);
			dependencies = (
				12BB7FBA1BEE9FBF00674C5B /* PBXTargetDependency */,
			);
			name = EstrTests;
			productName = EstrTests;
			productReference = 12BB7FB81BEE9FBF00674C5B /* EstrTests.xctest */;
			productType = "com.apple.product-type.bundle.unit-test";
		};
		12BB7FC21BEE9FBF00674C5B /* EstrUITests */ = {
			isa = PBXNativeTarget;
			buildConfigurationList = 12BB7FD21BEE9FBF00674C5B /* Build configuration list for PBXNativeTarget "EstrUITests" */;
			buildPhases = (
				12BB7FBF1BEE9FBF00674C5B /* Sources */,
				12BB7FC01BEE9FBF00674C5B /* Frameworks */,
				12BB7FC11BEE9FBF00674C5B /* Resources */,
			);
			buildRules = (
			);
			dependencies = (
				12BB7FC51BEE9FBF00674C5B /* PBXTargetDependency */,
			);
			name = EstrUITests;
			productName = EstrUITests;
			productReference = 12BB7FC31BEE9FBF00674C5B /* EstrUITests.xctest */;
			productType = "com.apple.product-type.bundle.ui-testing";
		};
/* End PBXNativeTarget section */

/* Begin PBXProject section */
		12BB7F9C1BEE9FBE00674C5B /* Project object */ = {
			isa = PBXProject;
			attributes = {
				LastSwiftUpdateCheck = 0710;
				LastUpgradeCheck = 0710;
				ORGANIZATIONNAME = ARJHack;
				TargetAttributes = {
					12BB7FA31BEE9FBE00674C5B = {
						CreatedOnToolsVersion = 7.1;
					};
					12BB7FB71BEE9FBF00674C5B = {
						CreatedOnToolsVersion = 7.1;
						TestTargetID = 12BB7FA31BEE9FBE00674C5B;
					};
					12BB7FC21BEE9FBF00674C5B = {
						CreatedOnToolsVersion = 7.1;
						TestTargetID = 12BB7FA31BEE9FBE00674C5B;
					};
				};
			};
			buildConfigurationList = 12BB7F9F1BEE9FBE00674C5B /* Build configuration list for PBXProject "Estr" */;
			compatibilityVersion = "Xcode 3.2";
			developmentRegion = English;
			hasScannedForEncodings = 0;
			knownRegions = (
				en,
				Base,
			);
			mainGroup = 12BB7F9B1BEE9FBE00674C5B;
			productRefGroup = 12BB7FA51BEE9FBE00674C5B /* Products */;
			projectDirPath = "";
			projectRoot = "";
			targets = (
				12BB7FA31BEE9FBE00674C5B /* Estr */,
				12BB7FB71BEE9FBF00674C5B /* EstrTests */,
				12BB7FC21BEE9FBF00674C5B /* EstrUITests */,
			);
		};
/* End PBXProject section */

/* Begin PBXResourcesBuildPhase section */
		12BB7FA21BEE9FBE00674C5B /* Resources */ = {
			isa = PBXResourcesBuildPhase;
			buildActionMask = 2147483647;
			files = (
				12BB7FB21BEE9FBE00674C5B /* LaunchScreen.storyboard in Resources */,
				12BB7FAF1BEE9FBE00674C5B /* Assets.xcassets in Resources */,
				12BB7FAD1BEE9FBE00674C5B /* Main.storyboard in Resources */,
			);
			runOnlyForDeploymentPostprocessing = 0;
		};
		12BB7FB61BEE9FBF00674C5B /* Resources */ = {
			isa = PBXResourcesBuildPhase;
			buildActionMask = 2147483647;
			files = (
			);
			runOnlyForDeploymentPostprocessing = 0;
		};
		12BB7FC11BEE9FBF00674C5B /* Resources */ = {
			isa = PBXResourcesBuildPhase;
			buildActionMask = 2147483647;
			files = (
			);
			runOnlyForDeploymentPostprocessing = 0;
		};
/* End PBXResourcesBuildPhase section */

/* Begin PBXSourcesBuildPhase section */
		12BB7FA01BEE9FBE00674C5B /* Sources */ = {
			isa = PBXSourcesBuildPhase;
			buildActionMask = 2147483647;
			files = (
				12BB7FAA1BEE9FBE00674C5B /* ViewController.swift in Sources */,
				12BB7FA81BEE9FBE00674C5B /* AppDelegate.swift in Sources */,
			);
			runOnlyForDeploymentPostprocessing = 0;
		};
		12BB7FB41BEE9FBF00674C5B /* Sources */ = {
			isa = PBXSourcesBuildPhase;
			buildActionMask = 2147483647;
			files = (
				12BB7FBD1BEE9FBF00674C5B /* EstrTests.swift in Sources */,
			);
			runOnlyForDeploymentPostprocessing = 0;
		};
		12BB7FBF1BEE9FBF00674C5B /* Sources */ = {
			isa = PBXSourcesBuildPhase;
			buildActionMask = 2147483647;
			files = (
				12BB7FC81BEE9FBF00674C5B /* EstrUITests.swift in Sources */,
			);
			runOnlyForDeploymentPostprocessing = 0;
		};
/* End PBXSourcesBuildPhase section */

/* Begin PBXTargetDependency section */
		12BB7FBA1BEE9FBF00674C5B /* PBXTargetDependency */ = {
			isa = PBXTargetDependency;
			target = 12BB7FA31BEE9FBE00674C5B /* Estr */;
			targetProxy = 12BB7FB91BEE9FBF00674C5B /* PBXContainerItemProxy */;
		};
		12BB7FC51BEE9FBF00674C5B /* PBXTargetDependency */ = {
			isa = PBXTargetDependency;
			target = 12BB7FA31BEE9FBE00674C5B /* Estr */;
			targetProxy = 12BB7FC41BEE9FBF00674C5B /* PBXContainerItemProxy */;
		};
/* End PBXTargetDependency section */

/* Begin PBXVariantGroup section */
		12BB7FAB1BEE9FBE00674C5B /* Main.storyboard */ = {
			isa = PBXVariantGroup;
			children = (
				12BB7FAC1BEE9FBE00674C5B /* Base */,
			);
			name = Main.storyboard;
			sourceTree = "<group>";
		};
		12BB7FB01BEE9FBE00674C5B /* LaunchScreen.storyboard */ = {
			isa = PBXVariantGroup;
			children = (
				12BB7FB11BEE9FBE00674C5B /* Base */,
			);
			name = LaunchScreen.storyboard;
			sourceTree = "<group>";
		};
/* End PBXVariantGroup section */

/* Begin XCBuildConfiguration section */
		12BB7FCA1BEE9FBF00674C5B /* Debug */ = {
			isa = XCBuildConfiguration;
			buildSettings = {
				ALWAYS_SEARCH_USER_PATHS = NO;
				CLANG_CXX_LANGUAGE_STANDARD = "gnu++0x";
				CLANG_CXX_LIBRARY = "libc++";
				CLANG_ENABLE_MODULES = YES;
				CLANG_ENABLE_OBJC_ARC = YES;
				CLANG_WARN_BOOL_CONVERSION = YES;
				CLANG_WARN_CONSTANT_CONVERSION = YES;
				CLANG_WARN_DIRECT_OBJC_ISA_USAGE = YES_ERROR;
				CLANG_WARN_EMPTY_BODY = YES;
				CLANG_WARN_ENUM_CONVERSION = YES;
				CLANG_WARN_INT_CONVERSION = YES;
				CLANG_WARN_OBJC_ROOT_CLASS = YES_ERROR;
				CLANG_WARN_UNREACHABLE_CODE = YES;
				CLANG_WARN__DUPLICATE_METHOD_MATCH = YES;
				"CODE_SIGN_IDENTITY[sdk=iphoneos*]" = "iPhone Developer";
				COPY_PHASE_STRIP = NO;
				DEBUG_INFORMATION_FORMAT = dwarf;
				ENABLE_STRICT_OBJC_MSGSEND = YES;
				ENABLE_TESTABILITY = YES;
				GCC_C_LANGUAGE_STANDARD = gnu99;
				GCC_DYNAMIC_NO_PIC = NO;
				GCC_NO_COMMON_BLOCKS = YES;
				GCC_OPTIMIZATION_LEVEL = 0;
				GCC_PREPROCESSOR_DEFINITIONS = (
					"DEBUG=1",
					"$(inherited)",
				);
				GCC_WARN_64_TO_32_BIT_CONVERSION = YES;
				GCC_WARN_ABOUT_RETURN_TYPE = YES_ERROR;
				GCC_WARN_UNDECLARED_SELECTOR = YES;
				GCC_WARN_UNINITIALIZED_AUTOS = YES_AGGRESSIVE;
				GCC_WARN_UNUSED_FUNCTION = YES;
				GCC_WARN_UNUSED_VARIABLE = YES;
				IPHONEOS_DEPLOYMENT_TARGET = 9.1;
				MTL_ENABLE_DEBUG_INFO = YES;
				ONLY_ACTIVE_ARCH = YES;
				SDKROOT = iphoneos;
				SWIFT_OPTIMIZATION_LEVEL = "-Onone";
			};
			name = Debug;
		};
		12BB7FCB1BEE9FBF00674C5B /* Release */ = {
			isa = XCBuildConfiguration;
			buildSettings = {
				ALWAYS_SEARCH_USER_PATHS = NO;
				CLANG_CXX_LANGUAGE_STANDARD = "gnu++0x";
				CLANG_CXX_LIBRARY = "libc++";
				CLANG_ENABLE_MODULES = YES;
				CLANG_ENABLE_OBJC_ARC = YES;
				CLANG_WARN_BOOL_CONVERSION = YES;
				CLANG_WARN_CONSTANT_CONVERSION = YES;
				CLANG_WARN_DIRECT_OBJC_ISA_USAGE = YES_ERROR;
				CLANG_WARN_EMPTY_BODY = YES;
				CLANG_WARN_ENUM_CONVERSION = YES;
				CLANG_WARN_INT_CONVERSION = YES;
				CLANG_WARN_OBJC_ROOT_CLASS = YES_ERROR;
				CLANG_WARN_UNREACHABLE_CODE = YES;
				CLANG_WARN__DUPLICATE_METHOD_MATCH = YES;
				"CODE_SIGN_IDENTITY[sdk=iphoneos*]" = "iPhone Developer";
				COPY_PHASE_STRIP = NO;
				DEBUG_INFORMATION_FORMAT = "dwarf-with-dsym";
				ENABLE_NS_ASSERTIONS = NO;
				ENABLE_STRICT_OBJC_MSGSEND = YES;
				GCC_C_LANGUAGE_STANDARD = gnu99;
				GCC_NO_COMMON_BLOCKS = YES;
				GCC_WARN_64_TO_32_BIT_CONVERSION = YES;
				GCC_WARN_ABOUT_RETURN_TYPE = YES_ERROR;
				GCC_WARN_UNDECLARED_SELECTOR = YES;
				GCC_WARN_UNINITIALIZED_AUTOS = YES_AGGRESSIVE;
				GCC_WARN_UNUSED_FUNCTION = YES;
				GCC_WARN_UNUSED_VARIABLE = YES;
				IPHONEOS_DEPLOYMENT_TARGET = 9.1;
				MTL_ENABLE_DEBUG_INFO = NO;
				SDKROOT = iphoneos;
				VALIDATE_PRODUCT = YES;
			};
			name = Release;
		};
		12BB7FCD1BEE9FBF00674C5B /* Debug */ = {
			isa = XCBuildConfiguration;
			buildSettings = {
				ASSETCATALOG_COMPILER_APPICON_NAME = AppIcon;
				INFOPLIST_FILE = Estr/Info.plist;
				LD_RUNPATH_SEARCH_PATHS = "$(inherited) @executable_path/Frameworks";
				PRODUCT_BUNDLE_IDENTIFIER = com.ARJHack.Estr;
				PRODUCT_NAME = "$(TARGET_NAME)";
			};
			name = Debug;
		};
		12BB7FCE1BEE9FBF00674C5B /* Release */ = {
			isa = XCBuildConfiguration;
			buildSettings = {
				ASSETCATALOG_COMPILER_APPICON_NAME = AppIcon;
				INFOPLIST_FILE = Estr/Info.plist;
				LD_RUNPATH_SEARCH_PATHS = "$(inherited) @executable_path/Frameworks";
				PRODUCT_BUNDLE_IDENTIFIER = com.ARJHack.Estr;
				PRODUCT_NAME = "$(TARGET_NAME)";
			};
			name = Release;
		};
		12BB7FD01BEE9FBF00674C5B /* Debug */ = {
			isa = XCBuildConfiguration;
			buildSettings = {
				BUNDLE_LOADER = "$(TEST_HOST)";
				INFOPLIST_FILE = EstrTests/Info.plist;
				LD_RUNPATH_SEARCH_PATHS = "$(inherited) @executable_path/Frameworks @loader_path/Frameworks";
				PRODUCT_BUNDLE_IDENTIFIER = com.ARJHack.EstrTests;
				PRODUCT_NAME = "$(TARGET_NAME)";
				TEST_HOST = "$(BUILT_PRODUCTS_DIR)/Estr.app/Estr";
			};
			name = Debug;
		};
		12BB7FD11BEE9FBF00674C5B /* Release */ = {
			isa = XCBuildConfiguration;
			buildSettings = {
				BUNDLE_LOADER = "$(TEST_HOST)";
				INFOPLIST_FILE = EstrTests/Info.plist;
				LD_RUNPATH_SEARCH_PATHS = "$(inherited) @executable_path/Frameworks @loader_path/Frameworks";
				PRODUCT_BUNDLE_IDENTIFIER = com.ARJHack.EstrTests;
				PRODUCT_NAME = "$(TARGET_NAME)";
				TEST_HOST = "$(BUILT_PRODUCTS_DIR)/Estr.app/Estr";
			};
			name = Release;
		};
		12BB7FD31BEE9FBF00674C5B /* Debug */ = {
			isa = XCBuildConfiguration;
			buildSettings = {
				INFOPLIST_FILE = EstrUITests/Info.plist;
				LD_RUNPATH_SEARCH_PATHS = "$(inherited) @executable_path/Frameworks @loader_path/Frameworks";
				PRODUCT_BUNDLE_IDENTIFIER = com.ARJHack.EstrUITests;
				PRODUCT_NAME = "$(TARGET_NAME)";
				TEST_TARGET_NAME = Estr;
				USES_XCTRUNNER = YES;
			};
			name = Debug;
		};
		12BB7FD41BEE9FBF00674C5B /* Release */ = {
			isa = XCBuildConfiguration;
			buildSettings = {
				INFOPLIST_FILE = EstrUITests/Info.plist;
				LD_RUNPATH_SEARCH_PATHS = "$(inherited) @executable_path/Frameworks @loader_path/Frameworks";
				PRODUCT_BUNDLE_IDENTIFIER = com.ARJHack.EstrUITests;
				PRODUCT_NAME = "$(TARGET_NAME)";
				TEST_TARGET_NAME = Estr;
				USES_XCTRUNNER = YES;
			};
			name = Release;
		};
/* End XCBuildConfiguration section */

/* Begin XCConfigurationList section */
		12BB7F9F1BEE9FBE00674C5B /* Build configuration list for PBXProject "Estr" */ = {
			isa = XCConfigurationList;
			buildConfigurations = (
				12BB7FCA1BEE9FBF00674C5B /* Debug */,
				12BB7FCB1BEE9FBF00674C5B /* Release */,
			);
			defaultConfigurationIsVisible = 0;
			defaultConfigurationName = Release;
		};
		12BB7FCC1BEE9FBF00674C5B /* Build configuration list for PBXNativeTarget "Estr" */ = {
			isa = XCConfigurationList;
			buildConfigurations = (
				12BB7FCD1BEE9FBF00674C5B /* Debug */,
				12BB7FCE1BEE9FBF00674C5B /* Release */,
			);
			defaultConfigurationIsVisible = 0;
		};
		12BB7FCF1BEE9FBF00674C5B /* Build configuration list for PBXNativeTarget "EstrTests" */ = {
			isa = XCConfigurationList;
			buildConfigurations = (
				12BB7FD01BEE9FBF00674C5B /* Debug */,
				12BB7FD11BEE9FBF00674C5B /* Release */,
			);
			defaultConfigurationIsVisible = 0;
		};
		12BB7FD21BEE9FBF00674C5B /* Build configuration list for PBXNativeTarget "EstrUITests" */ = {
			isa = XCConfigurationList;
			buildConfigurations = (
				12BB7FD31BEE9FBF00674C5B /* Debug */,
				12BB7FD41BEE9FBF00674C5B /* Release */,
			);
			defaultConfigurationIsVisible = 0;
		};
/* End XCConfigurationList section */
	};
	rootObject = 12BB7F9C1BEE9FBE00674C5B /* Project object */;
}
